# This file is automatically @generated by Cargo.
# It is not intended for manual editing.
version = 4

[[package]]
name = "chain_tools"
version = "0.2.0"
source = "registry+https://github.com/rust-lang/crates.io-index"
checksum = "ed26a1f51a981c7749e4b0dd5429ee2ef4439172a650a53196a2bb75efc50dfb"

[[package]]
name = "scacci"
version = "0.1.0"
dependencies = [
 "chain_tools",
]
